<?xml version="1.0" encoding="utf-8"?>
<Project ToolsVersion="4.0" xmlns="http://schemas.microsoft.com/developer/msbuild/2003">
  <ItemGroup>
    <ClCompile Include="client.cpp" />
    <ClCompile Include="ZoneServer.cpp" />
    <ClCompile Include="inter_char.cpp" />
    <ClCompile Include="MapManager.cpp" />
    <ClCompile Include="BlockManager.cpp" />
    <ClCompile Include="Player.cpp" />
  </ItemGroup>
  <ItemGroup>
    <ClInclude Include="ZoneServer.hpp" />
    <ClInclude Include="MapManager.hpp" />
    <ClInclude Include="BlockManager.hpp" />
    <ClInclude Include="Player.hpp" />
  </ItemGroup>
</Project>