<?xml version="1.0" encoding="utf-8"?>
<Project ToolsVersion="4.0" xmlns="http://schemas.microsoft.com/developer/msbuild/2003">
  <ItemGroup>
    <ClCompile Include="Core.cpp" />
  </ItemGroup>
  <ItemGroup>
    <ClInclude Include="tcp_server.hpp" />
    <ClInclude Include="tcp_connection.hpp" />
  </ItemGroup>
</Project>