<?xml version="1.0" encoding="utf-8"?>
<Project ToolsVersion="4.0" xmlns="http://schemas.microsoft.com/developer/msbuild/2003">
  <ItemGroup>
    <ClCompile Include="AuthServer.cpp" />
    <ClCompile Include="auth.cpp" />
  </ItemGroup>
  <ItemGroup>
    <ClInclude Include="AuthServer.hpp" />
    <ClInclude Include="AccountDB.h" />
  </ItemGroup>
</Project>